PODS:
  - Alamofire (5.6.2)
  - Kingfisher (7.4.1)
  - Moya (15.0.0):
    - Moya/Core (= 15.0.0)
  - Moya/Core (15.0.0):
    - Alamofire (~> 5.0)
  - Moya/RxSwift (15.0.0):
    - Moya/Core
    - RxSwift (~> 6.0)
  - Realm (10.32.3):
    - Realm/Headers (= 10.32.3)
  - Realm/Headers (10.32.3)
  - RealmSwift (10.32.3):
    - Realm (= 10.32.3)
  - RxCocoa (6.5.0):
    - RxRelay (= 6.5.0)
    - RxSwift (= 6.5.0)
  - RxGesture (4.0.4):
    - RxCocoa (~> 6.0)
    - RxSwift (~> 6.0)
  - RxRelay (6.5.0):
    - RxSwift (= 6.5.0)
  - RxSwift (6.5.0)
  - SnapKit (5.6.0)
  - Then (3.0.0)

DEPENDENCIES:
  - Kingfisher
  - Moya
  - Moya/RxSwift
  - RealmSwift
  - RxCocoa
  - RxGesture
  - RxSwift
  - SnapKit
  - Then

SPEC REPOS:
  trunk:
    - Alamofire
    - Kingfisher
    - Moya
    - Realm
    - RealmSwift
    - RxCocoa
    - RxGesture
    - RxRelay
    - RxSwift
    - SnapKit
    - Then

SPEC CHECKSUMS:
  Alamofire: d368e1ff8a298e6dde360e35a3e68e6c610e7204
  Kingfisher: cd762a593a61b2fbecf7645c00f9a801a3ebfc9c
  Moya: 138f0573e53411fb3dc17016add0b748dfbd78ee
  Realm: fdf6732924dc5e69e30e0db2c11e869f92b53f3d
  RealmSwift: 7c181da8fa1c2fe613656a77c198d6a3dc3879a1
  RxCocoa: 94f817b71c07517321eb4f9ad299112ca8af743b
  RxGesture: f3efb47ed2d26a8082f7b660d4a59970e275a7f8
  RxRelay: 1de1523e604c72b6c68feadedd1af3b1b4d0ecbd
  RxSwift: 5710a9e6b17f3c3d6e40d6e559b9fa1e813b2ef8
  SnapKit: e01d52ebb8ddbc333eefe2132acf85c8227d9c25
  Then: 844265ae87834bbe1147d91d5d41a404da2ec27d

PODFILE CHECKSUM: e1dde17a86766be3a0ef7bdff4f7138195952c36

COCOAPODS: 1.11.3
